
Microsoft Visual Studio Solution File, Format Version 12.00
# Visual Studio Version 16
VisualStudioVersion = 16.0.31005.135
MinimumVisualStudioVersion = 10.0.40219.1
Project("{FAE04EC0-301F-11D3-BF4B-00C04F79EFBC}") = "RabbitMQWordToPDF.Producer", "RabbitMQWordToPDF.Producer\RabbitMQWordToPDF.Producer.csproj", "{B4D452B2-0DA2-4C90-B9A9-2AE368772892}"
EndProject
Project("{FAE04EC0-301F-11D3-BF4B-00C04F79EFBC}") = "RabbitMQWordToPDF.Shared", "RabbitMQWordToPDF.Shared\RabbitMQWordToPDF.Shared.csproj", "{08CBD2DD-9F30-409C-89CC-642AAEC053D7}"
EndProject
Project("{FAE04EC0-301F-11D3-BF4B-00C04F79EFBC}") = "RabbitMQWordToPDF.Consumer", "RabbitMQWordToPDF.Consumer\RabbitMQWordToPDF.Consumer.csproj", "{9299715E-941A-4018-893F-1514AF5FDE1C}"
EndProject
Global
	GlobalSection(SolutionConfigurationPlatforms) = preSolution
		Debug|Any CPU = Debug|Any CPU
		Release|Any CPU = Release|Any CPU
	EndGlobalSection
	GlobalSection(ProjectConfigurationPlatforms) = postSolution
		{B4D452B2-0DA2-4C90-B9A9-2AE368772892}.Debug|Any CPU.ActiveCfg = Debug|Any CPU
		{B4D452B2-0DA2-4C90-B9A9-2AE368772892}.Debug|Any CPU.Build.0 = Debug|Any CPU
		{B4D452B2-0DA2-4C90-B9A9-2AE368772892}.Release|Any CPU.ActiveCfg = Release|Any CPU
		{B4D452B2-0DA2-4C90-B9A9-2AE368772892}.Release|Any CPU.Build.0 = Release|Any CPU
		{08CBD2DD-9F30-409C-89CC-642AAEC053D7}.Debug|Any CPU.ActiveCfg = Debug|Any CPU
		{08CBD2DD-9F30-409C-89CC-642AAEC053D7}.Debug|Any CPU.Build.0 = Debug|Any CPU
		{08CBD2DD-9F30-409C-89CC-642AAEC053D7}.Release|Any CPU.ActiveCfg = Release|Any CPU
		{08CBD2DD-9F30-409C-89CC-642AAEC053D7}.Release|Any CPU.Build.0 = Release|Any CPU
		{9299715E-941A-4018-893F-1514AF5FDE1C}.Debug|Any CPU.ActiveCfg = Debug|Any CPU
		{9299715E-941A-4018-893F-1514AF5FDE1C}.Debug|Any CPU.Build.0 = Debug|Any CPU
		{9299715E-941A-4018-893F-1514AF5FDE1C}.Release|Any CPU.ActiveCfg = Release|Any CPU
		{9299715E-941A-4018-893F-1514AF5FDE1C}.Release|Any CPU.Build.0 = Release|Any CPU
	EndGlobalSection
	GlobalSection(SolutionProperties) = preSolution
		HideSolutionNode = FALSE
	EndGlobalSection
	GlobalSection(ExtensibilityGlobals) = postSolution
		SolutionGuid = {3EACD8EE-A3E3-48A0-AD5E-0956884249C1}
	EndGlobalSection
EndGlobal
